
Microsoft Visual Studio Solution File, Format Version 11.00
# Visual Studio 2010
Project("{FAE04EC0-301F-11D3-BF4B-00C04F79EFBC}") = "EIP", "EIP\EIP.csproj", "{12572F17-853E-41D1-BEDD-6C7F81F72046}"
	ProjectSection(ProjectDependencies) = postProject
		{715A15B1-A693-4A3E-8A4B-953BB9D95453} = {715A15B1-A693-4A3E-8A4B-953BB9D95453}
	EndProjectSection
EndProject
Project("{FAE04EC0-301F-11D3-BF4B-00C04F79EFBC}") = "EIP.Web", "EIP.Web\EIP.Web.csproj", "{B6BB3F83-219A-445E-876B-46401B96E405}"
EndProject
Project("{FAE04EC0-301F-11D3-BF4B-00C04F79EFBC}") = "EIPWCF", "EIPWCF\EIPWCF.csproj", "{715A15B1-A693-4A3E-8A4B-953BB9D95453}"
EndProject
Global
	GlobalSection(SolutionConfigurationPlatforms) = preSolution
		Debug|Any CPU = Debug|Any CPU
		Release|Any CPU = Release|Any CPU
	EndGlobalSection
	GlobalSection(ProjectConfigurationPlatforms) = postSolution
		{12572F17-853E-41D1-BEDD-6C7F81F72046}.Debug|Any CPU.ActiveCfg = Debug|Any CPU
		{12572F17-853E-41D1-BEDD-6C7F81F72046}.Debug|Any CPU.Build.0 = Debug|Any CPU
		{12572F17-853E-41D1-BEDD-6C7F81F72046}.Release|Any CPU.ActiveCfg = Release|Any CPU
		{12572F17-853E-41D1-BEDD-6C7F81F72046}.Release|Any CPU.Build.0 = Release|Any CPU
		{B6BB3F83-219A-445E-876B-46401B96E405}.Debug|Any CPU.ActiveCfg = Debug|Any CPU
		{B6BB3F83-219A-445E-876B-46401B96E405}.Debug|Any CPU.Build.0 = Debug|Any CPU
		{B6BB3F83-219A-445E-876B-46401B96E405}.Release|Any CPU.ActiveCfg = Release|Any CPU
		{B6BB3F83-219A-445E-876B-46401B96E405}.Release|Any CPU.Build.0 = Release|Any CPU
		{715A15B1-A693-4A3E-8A4B-953BB9D95453}.Debug|Any CPU.ActiveCfg = Debug|Any CPU
		{715A15B1-A693-4A3E-8A4B-953BB9D95453}.Debug|Any CPU.Build.0 = Debug|Any CPU
		{715A15B1-A693-4A3E-8A4B-953BB9D95453}.Release|Any CPU.ActiveCfg = Release|Any CPU
		{715A15B1-A693-4A3E-8A4B-953BB9D95453}.Release|Any CPU.Build.0 = Release|Any CPU
	EndGlobalSection
	GlobalSection(SolutionProperties) = preSolution
		HideSolutionNode = FALSE
	EndGlobalSection
EndGlobal
